// !$*UTF8*$!
{
	archiveVersion = 1;
	classes = {
	};
	objectVersion = 56;
	objects = {

/* Begin PBXBuildFile section */
		25874E0D29949B1B00AB3CFE /* DaleArtsApp.swift in Sources */ = {isa = PBXBuildFile; fileRef = 25874E0C29949B1B00AB3CFE /* DaleArtsApp.swift */; };
		25874E0F29949B1B00AB3CFE /* LoginPageView.swift in Sources */ = {isa = PBXBuildFile; fileRef = 25874E0E29949B1B00AB3CFE /* LoginPageView.swift */; };
		25874E1129949B1C00AB3CFE /* Assets.xcassets in Resources */ = {isa = PBXBuildFile; fileRef = 25874E1029949B1C00AB3CFE /* Assets.xcassets */; };
		25874E1429949B1C00AB3CFE /* Preview Assets.xcassets in Resources */ = {isa = PBXBuildFile; fileRef = 25874E1329949B1C00AB3CFE /* Preview Assets.xcassets */; };
		25874E1E29949B1C00AB3CFE /* DaleArtsTests.swift in Sources */ = {isa = PBXBuildFile; fileRef = 25874E1D29949B1C00AB3CFE /* DaleArtsTests.swift */; };
		25874E2829949B1C00AB3CFE /* DaleArtsUITests.swift in Sources */ = {isa = PBXBuildFile; fileRef = 25874E2729949B1C00AB3CFE /* DaleArtsUITests.swift */; };
		25874E2A29949B1C00AB3CFE /* DaleArtsUITestsLaunchTests.swift in Sources */ = {isa = PBXBuildFile; fileRef = 25874E2929949B1C00AB3CFE /* DaleArtsUITestsLaunchTests.swift */; };
/* End PBXBuildFile section */

/* Begin PBXContainerItemProxy section */
		25874E1A29949B1C00AB3CFE /* PBXContainerItemProxy */ = {
			isa = PBXContainerItemProxy;
			containerPortal = 25874E0129949B1B00AB3CFE /* Project object */;
			proxyType = 1;
			remoteGlobalIDString = 25874E0829949B1B00AB3CFE;
			remoteInfo = DaleArts;
		};
		25874E2429949B1C00AB3CFE /* PBXContainerItemProxy */ = {
			isa = PBXContainerItemProxy;
			containerPortal = 25874E0129949B1B00AB3CFE /* Project object */;
			proxyType = 1;
			remoteGlobalIDString = 25874E0829949B1B00AB3CFE;
			remoteInfo = DaleArts;
		};
/* End PBXContainerItemProxy section */

/* Begin PBXFileReference section */
		25874E0929949B1B00AB3CFE /* DaleArts.app */ = {isa = PBXFileReference; explicitFileType = wrapper.application; includeInIndex = 0; path = DaleArts.app; sourceTree = BUILT_PRODUCTS_DIR; };
		25874E0C29949B1B00AB3CFE /* DaleArtsApp.swift */ = {isa = PBXFileReference; lastKnownFileType = sourcecode.swift; path = DaleArtsApp.swift; sourceTree = "<group>"; };
		25874E0E29949B1B00AB3CFE /* LoginPageView.swift */ = {isa = PBXFileReference; lastKnownFileType = sourcecode.swift; path = LoginPageView.swift; sourceTree = "<group>"; };
		25874E1029949B1C00AB3CFE /* Assets.xcassets */ = {isa = PBXFileReference; lastKnownFileType = folder.assetcatalog; path = Assets.xcassets; sourceTree = "<group>"; };
		25874E1329949B1C00AB3CFE /* Preview Assets.xcassets */ = {isa = PBXFileReference; lastKnownFileType = folder.assetcatalog; path = "Preview Assets.xcassets"; sourceTree = "<group>"; };
		25874E1929949B1C00AB3CFE /* DaleArtsTests.xctest */ = {isa = PBXFileReference; explicitFileType = wrapper.cfbundle; includeInIndex = 0; path = DaleArtsTests.xctest; sourceTree = BUILT_PRODUCTS_DIR; };
		25874E1D29949B1C00AB3CFE /* DaleArtsTests.swift */ = {isa = PBXFileReference; lastKnownFileType = sourcecode.swift; path = DaleArtsTests.swift; sourceTree = "<group>"; };
		25874E2329949B1C00AB3CFE /* DaleArtsUITests.xctest */ = {isa = PBXFileReference; explicitFileType = wrapper.cfbundle; includeInIndex = 0; path = DaleArtsUITests.xctest; sourceTree = BUILT_PRODUCTS_DIR; };
		25874E2729949B1C00AB3CFE /* DaleArtsUITests.swift */ = {isa = PBXFileReference; lastKnownFileType = sourcecode.swift; path = DaleArtsUITests.swift; sourceTree = "<group>"; };
		25874E2929949B1C00AB3CFE /* DaleArtsUITestsLaunchTests.swift */ = {isa = PBXFileReference; lastKnownFileType = sourcecode.swift; path = DaleArtsUITestsLaunchTests.swift; sourceTree = "<group>"; };
/* End PBXFileReference section */

/* Begin PBXFrameworksBuildPhase section */
		25874E0629949B1B00AB3CFE /* Frameworks */ = {
			isa = PBXFrameworksBuildPhase;
			buildActionMask = 2147483647;
			files = (
			);
			runOnlyForDeploymentPostprocessing = 0;
		};
		25874E1629949B1C00AB3CFE /* Frameworks */ = {
			isa = PBXFrameworksBuildPhase;
			buildActionMask = 2147483647;
			files = (
			);
			runOnlyForDeploymentPostprocessing = 0;
		};
		25874E2029949B1C00AB3CFE /* Frameworks */ = {
			isa = PBXFrameworksBuildPhase;
			buildActionMask = 2147483647;
			files = (
			);
			runOnlyForDeploymentPostprocessing = 0;
		};
/* End PBXFrameworksBuildPhase section */

/* Begin PBXGroup section */
		25874E0029949B1B00AB3CFE = {
			isa = PBXGroup;
			children = (
				25874E0B29949B1B00AB3CFE /* DaleArts */,
				25874E1C29949B1C00AB3CFE /* DaleArtsTests */,
				25874E2629949B1C00AB3CFE /* DaleArtsUITests */,
				25874E0A29949B1B00AB3CFE /* Products */,
			);
			sourceTree = "<group>";
		};
		25874E0A29949B1B00AB3CFE /* Products */ = {
			isa = PBXGroup;
			children = (
				25874E0929949B1B00AB3CFE /* DaleArts.app */,
				25874E1929949B1C00AB3CFE /* DaleArtsTests.xctest */,
				25874E2329949B1C00AB3CFE /* DaleArtsUITests.xctest */,
			);
			name = Products;
			sourceTree = "<group>";
		};
		25874E0B29949B1B00AB3CFE /* DaleArts */ = {
			isa = PBXGroup;
			children = (
				25874E0C29949B1B00AB3CFE /* DaleArtsApp.swift */,
				25874E0E29949B1B00AB3CFE /* LoginPageView.swift */,
				25874E1029949B1C00AB3CFE /* Assets.xcassets */,
				25874E1229949B1C00AB3CFE /* Preview Content */,
			);
			path = DaleArts;
			sourceTree = "<group>";
		};
		25874E1229949B1C00AB3CFE /* Preview Content */ = {
			isa = PBXGroup;
			children = (
				25874E1329949B1C00AB3CFE /* Preview Assets.xcassets */,
			);
			path = "Preview Content";
			sourceTree = "<group>";
		};
		25874E1C29949B1C00AB3CFE /* DaleArtsTests */ = {
			isa = PBXGroup;
			children = (
				25874E1D29949B1C00AB3CFE /* DaleArtsTests.swift */,
			);
			path = DaleArtsTests;
			sourceTree = "<group>";
		};
		25874E2629949B1C00AB3CFE /* DaleArtsUITests */ = {
			isa = PBXGroup;
			children = (
				25874E2729949B1C00AB3CFE /* DaleArtsUITests.swift */,
				25874E2929949B1C00AB3CFE /* DaleArtsUITestsLaunchTests.swift */,
			);
			path = DaleArtsUITests;
			sourceTree = "<group>";
		};
/* End PBXGroup section */

/* Begin PBXNativeTarget section */
		25874E0829949B1B00AB3CFE /* DaleArts */ = {
			isa = PBXNativeTarget;
			buildConfigurationList = 25874E2D29949B1C00AB3CFE /* Build configuration list for PBXNativeTarget "DaleArts" */;
			buildPhases = (
				25874E0529949B1B00AB3CFE /* Sources */,
				25874E0629949B1B00AB3CFE /* Frameworks */,
				25874E0729949B1B00AB3CFE /* Resources */,
			);
			buildRules = (
			);
			dependencies = (
			);
			name = DaleArts;
			productName = DaleArts;
			productReference = 25874E0929949B1B00AB3CFE /* DaleArts.app */;
			productType = "com.apple.product-type.application";
		};
		25874E1829949B1C00AB3CFE /* DaleArtsTests */ = {
			isa = PBXNativeTarget;
			buildConfigurationList = 25874E3029949B1C00AB3CFE /* Build configuration list for PBXNativeTarget "DaleArtsTests" */;
			buildPhases = (
				25874E1529949B1C00AB3CFE /* Sources */,
				25874E1629949B1C00AB3CFE /* Frameworks */,
				25874E1729949B1C00AB3CFE /* Resources */,
			);
			buildRules = (
			);
			dependencies = (
				25874E1B29949B1C00AB3CFE /* PBXTargetDependency */,
			);
			name = DaleArtsTests;
			productName = DaleArtsTests;
			productReference = 25874E1929949B1C00AB3CFE /* DaleArtsTests.xctest */;
			productType = "com.apple.product-type.bundle.unit-test";
		};
		25874E2229949B1C00AB3CFE /* DaleArtsUITests */ = {
			isa = PBXNativeTarget;
			buildConfigurationList = 25874E3329949B1C00AB3CFE /* Build configuration list for PBXNativeTarget "DaleArtsUITests" */;
			buildPhases = (
				25874E1F29949B1C00AB3CFE /* Sources */,
				25874E2029949B1C00AB3CFE /* Frameworks */,
				25874E2129949B1C00AB3CFE /* Resources */,
			);
			buildRules = (
			);
			dependencies = (
				25874E2529949B1C00AB3CFE /* PBXTargetDependency */,
			);
			name = DaleArtsUITests;
			productName = DaleArtsUITests;
			productReference = 25874E2329949B1C00AB3CFE /* DaleArtsUITests.xctest */;
			productType = "com.apple.product-type.bundle.ui-testing";
		};
/* End PBXNativeTarget section */

/* Begin PBXProject section */
		25874E0129949B1B00AB3CFE /* Project object */ = {
			isa = PBXProject;
			attributes = {
				BuildIndependentTargetsInParallel = 1;
				LastSwiftUpdateCheck = 1420;
				LastUpgradeCheck = 1420;
				TargetAttributes = {
					25874E0829949B1B00AB3CFE = {
						CreatedOnToolsVersion = 14.2;
					};
					25874E1829949B1C00AB3CFE = {
						CreatedOnToolsVersion = 14.2;
						TestTargetID = 25874E0829949B1B00AB3CFE;
					};
					25874E2229949B1C00AB3CFE = {
						CreatedOnToolsVersion = 14.2;
						TestTargetID = 25874E0829949B1B00AB3CFE;
					};
				};
			};
			buildConfigurationList = 25874E0429949B1B00AB3CFE /* Build configuration list for PBXProject "DaleArts" */;
			compatibilityVersion = "Xcode 14.0";
			developmentRegion = en;
			hasScannedForEncodings = 0;
			knownRegions = (
				en,
				Base,
			);
			mainGroup = 25874E0029949B1B00AB3CFE;
			productRefGroup = 25874E0A29949B1B00AB3CFE /* Products */;
			projectDirPath = "";
			projectRoot = "";
			targets = (
				25874E0829949B1B00AB3CFE /* DaleArts */,
				25874E1829949B1C00AB3CFE /* DaleArtsTests */,
				25874E2229949B1C00AB3CFE /* DaleArtsUITests */,
			);
		};
/* End PBXProject section */

/* Begin PBXResourcesBuildPhase section */
		25874E0729949B1B00AB3CFE /* Resources */ = {
			isa = PBXResourcesBuildPhase;
			buildActionMask = 2147483647;
			files = (
				25874E1429949B1C00AB3CFE /* Preview Assets.xcassets in Resources */,
				25874E1129949B1C00AB3CFE /* Assets.xcassets in Resources */,
			);
			runOnlyForDeploymentPostprocessing = 0;
		};
		25874E1729949B1C00AB3CFE /* Resources */ = {
			isa = PBXResourcesBuildPhase;
			buildActionMask = 2147483647;
			files = (
			);
			runOnlyForDeploymentPostprocessing = 0;
		};
		25874E2129949B1C00AB3CFE /* Resources */ = {
			isa = PBXResourcesBuildPhase;
			buildActionMask = 2147483647;
			files = (
			);
			runOnlyForDeploymentPostprocessing = 0;
		};
/* End PBXResourcesBuildPhase section */

/* Begin PBXSourcesBuildPhase section */
		25874E0529949B1B00AB3CFE /* Sources */ = {
			isa = PBXSourcesBuildPhase;
			buildActionMask = 2147483647;
			files = (
				25874E0F29949B1B00AB3CFE /* LoginPageView.swift in Sources */,
				25874E0D29949B1B00AB3CFE /* DaleArtsApp.swift in Sources */,
			);
			runOnlyForDeploymentPostprocessing = 0;
		};
		25874E1529949B1C00AB3CFE /* Sources */ = {
			isa = PBXSourcesBuildPhase;
			buildActionMask = 2147483647;
			files = (
				25874E1E29949B1C00AB3CFE /* DaleArtsTests.swift in Sources */,
			);
			runOnlyForDeploymentPostprocessing = 0;
		};
		25874E1F29949B1C00AB3CFE /* Sources */ = {
			isa = PBXSourcesBuildPhase;
			buildActionMask = 2147483647;
			files = (
				25874E2A29949B1C00AB3CFE /* DaleArtsUITestsLaunchTests.swift in Sources */,
				25874E2829949B1C00AB3CFE /* DaleArtsUITests.swift in Sources */,
			);
			runOnlyForDeploymentPostprocessing = 0;
		};
/* End PBXSourcesBuildPhase section */

/* Begin PBXTargetDependency section */
		25874E1B29949B1C00AB3CFE /* PBXTargetDependency */ = {
			isa = PBXTargetDependency;
			target = 25874E0829949B1B00AB3CFE /* DaleArts */;
			targetProxy = 25874E1A29949B1C00AB3CFE /* PBXContainerItemProxy */;
		};
		25874E2529949B1C00AB3CFE /* PBXTargetDependency */ = {
			isa = PBXTargetDependency;
			target = 25874E0829949B1B00AB3CFE /* DaleArts */;
			targetProxy = 25874E2429949B1C00AB3CFE /* PBXContainerItemProxy */;
		};
/* End PBXTargetDependency section */

/* Begin XCBuildConfiguration section */
		25874E2B29949B1C00AB3CFE /* Debug */ = {
			isa = XCBuildConfiguration;
			buildSettings = {
				ALWAYS_SEARCH_USER_PATHS = NO;
				CLANG_ANALYZER_NONNULL = YES;
				CLANG_ANALYZER_NUMBER_OBJECT_CONVERSION = YES_AGGRESSIVE;
				CLANG_CXX_LANGUAGE_STANDARD = "gnu++20";
				CLANG_ENABLE_MODULES = YES;
				CLANG_ENABLE_OBJC_ARC = YES;
				CLANG_ENABLE_OBJC_WEAK = YES;
				CLANG_WARN_BLOCK_CAPTURE_AUTORELEASING = YES;
				CLANG_WARN_BOOL_CONVERSION = YES;
				CLANG_WARN_COMMA = YES;
				CLANG_WARN_CONSTANT_CONVERSION = YES;
				CLANG_WARN_DEPRECATED_OBJC_IMPLEMENTATIONS = YES;
				CLANG_WARN_DIRECT_OBJC_ISA_USAGE = YES_ERROR;
				CLANG_WARN_DOCUMENTATION_COMMENTS = YES;
				CLANG_WARN_EMPTY_BODY = YES;
				CLANG_WARN_ENUM_CONVERSION = YES;
				CLANG_WARN_INFINITE_RECURSION = YES;
				CLANG_WARN_INT_CONVERSION = YES;
				CLANG_WARN_NON_LITERAL_NULL_CONVERSION = YES;
				CLANG_WARN_OBJC_IMPLICIT_RETAIN_SELF = YES;
				CLANG_WARN_OBJC_LITERAL_CONVERSION = YES;
				CLANG_WARN_OBJC_ROOT_CLASS = YES_ERROR;
				CLANG_WARN_QUOTED_INCLUDE_IN_FRAMEWORK_HEADER = YES;
				CLANG_WARN_RANGE_LOOP_ANALYSIS = YES;
				CLANG_WARN_STRICT_PROTOTYPES = YES;
				CLANG_WARN_SUSPICIOUS_MOVE = YES;
				CLANG_WARN_UNGUARDED_AVAILABILITY = YES_AGGRESSIVE;
				CLANG_WARN_UNREACHABLE_CODE = YES;
				CLANG_WARN__DUPLICATE_METHOD_MATCH = YES;
				COPY_PHASE_STRIP = NO;
				DEBUG_INFORMATION_FORMAT = dwarf;
				ENABLE_STRICT_OBJC_MSGSEND = YES;
				ENABLE_TESTABILITY = YES;
				GCC_C_LANGUAGE_STANDARD = gnu11;
				GCC_DYNAMIC_NO_PIC = NO;
				GCC_NO_COMMON_BLOCKS = YES;
				GCC_OPTIMIZATION_LEVEL = 0;
				GCC_PREPROCESSOR_DEFINITIONS = (
					"DEBUG=1",
					"$(inherited)",
				);
				GCC_WARN_64_TO_32_BIT_CONVERSION = YES;
				GCC_WARN_ABOUT_RETURN_TYPE = YES_ERROR;
				GCC_WARN_UNDECLARED_SELECTOR = YES;
				GCC_WARN_UNINITIALIZED_AUTOS = YES_AGGRESSIVE;
				GCC_WARN_UNUSED_FUNCTION = YES;
				GCC_WARN_UNUSED_VARIABLE = YES;
				IPHONEOS_DEPLOYMENT_TARGET = 16.2;
				MTL_ENABLE_DEBUG_INFO = INCLUDE_SOURCE;
				MTL_FAST_MATH = YES;
				ONLY_ACTIVE_ARCH = YES;
				SDKROOT = iphoneos;
				SWIFT_ACTIVE_COMPILATION_CONDITIONS = DEBUG;
				SWIFT_OPTIMIZATION_LEVEL = "-Onone";
			};
			name = Debug;
		};
		25874E2C29949B1C00AB3CFE /* Release */ = {
			isa = XCBuildConfiguration;
			buildSettings = {
				ALWAYS_SEARCH_USER_PATHS = NO;
				CLANG_ANALYZER_NONNULL = YES;
				CLANG_ANALYZER_NUMBER_OBJECT_CONVERSION = YES_AGGRESSIVE;
				CLANG_CXX_LANGUAGE_STANDARD = "gnu++20";
				CLANG_ENABLE_MODULES = YES;
				CLANG_ENABLE_OBJC_ARC = YES;
				CLANG_ENABLE_OBJC_WEAK = YES;
				CLANG_WARN_BLOCK_CAPTURE_AUTORELEASING = YES;
				CLANG_WARN_BOOL_CONVERSION = YES;
				CLANG_WARN_COMMA = YES;
				CLANG_WARN_CONSTANT_CONVERSION = YES;
				CLANG_WARN_DEPRECATED_OBJC_IMPLEMENTATIONS = YES;
				CLANG_WARN_DIRECT_OBJC_ISA_USAGE = YES_ERROR;
				CLANG_WARN_DOCUMENTATION_COMMENTS = YES;
				CLANG_WARN_EMPTY_BODY = YES;
				CLANG_WARN_ENUM_CONVERSION = YES;
				CLANG_WARN_INFINITE_RECURSION = YES;
				CLANG_WARN_INT_CONVERSION = YES;
				CLANG_WARN_NON_LITERAL_NULL_CONVERSION = YES;
				CLANG_WARN_OBJC_IMPLICIT_RETAIN_SELF = YES;
				CLANG_WARN_OBJC_LITERAL_CONVERSION = YES;
				CLANG_WARN_OBJC_ROOT_CLASS = YES_ERROR;
				CLANG_WARN_QUOTED_INCLUDE_IN_FRAMEWORK_HEADER = YES;
				CLANG_WARN_RANGE_LOOP_ANALYSIS = YES;
				CLANG_WARN_STRICT_PROTOTYPES = YES;
				CLANG_WARN_SUSPICIOUS_MOVE = YES;
				CLANG_WARN_UNGUARDED_AVAILABILITY = YES_AGGRESSIVE;
				CLANG_WARN_UNREACHABLE_CODE = YES;
				CLANG_WARN__DUPLICATE_METHOD_MATCH = YES;
				COPY_PHASE_STRIP = NO;
				DEBUG_INFORMATION_FORMAT = "dwarf-with-dsym";
				ENABLE_NS_ASSERTIONS = NO;
				ENABLE_STRICT_OBJC_MSGSEND = YES;
				GCC_C_LANGUAGE_STANDARD = gnu11;
				GCC_NO_COMMON_BLOCKS = YES;
				GCC_WARN_64_TO_32_BIT_CONVERSION = YES;
				GCC_WARN_ABOUT_RETURN_TYPE = YES_ERROR;
				GCC_WARN_UNDECLARED_SELECTOR = YES;
				GCC_WARN_UNINITIALIZED_AUTOS = YES_AGGRESSIVE;
				GCC_WARN_UNUSED_FUNCTION = YES;
				GCC_WARN_UNUSED_VARIABLE = YES;
				IPHONEOS_DEPLOYMENT_TARGET = 16.2;
				MTL_ENABLE_DEBUG_INFO = NO;
				MTL_FAST_MATH = YES;
				SDKROOT = iphoneos;
				SWIFT_COMPILATION_MODE = wholemodule;
				SWIFT_OPTIMIZATION_LEVEL = "-O";
				VALIDATE_PRODUCT = YES;
			};
			name = Release;
		};
		25874E2E29949B1C00AB3CFE /* Debug */ = {
			isa = XCBuildConfiguration;
			buildSettings = {
				ASSETCATALOG_COMPILER_APPICON_NAME = AppIcon;
				ASSETCATALOG_COMPILER_GLOBAL_ACCENT_COLOR_NAME = AccentColor;
				CODE_SIGN_STYLE = Automatic;
				CURRENT_PROJECT_VERSION = 1;
				DEVELOPMENT_ASSET_PATHS = "\"DaleArts/Preview Content\"";
				ENABLE_PREVIEWS = YES;
				GENERATE_INFOPLIST_FILE = YES;
				INFOPLIST_KEY_UIApplicationSceneManifest_Generation = YES;
				INFOPLIST_KEY_UIApplicationSupportsIndirectInputEvents = YES;
				INFOPLIST_KEY_UILaunchScreen_Generation = YES;
				INFOPLIST_KEY_UISupportedInterfaceOrientations_iPad = "UIInterfaceOrientationPortrait UIInterfaceOrientationPortraitUpsideDown UIInterfaceOrientationLandscapeLeft UIInterfaceOrientationLandscapeRight";
				INFOPLIST_KEY_UISupportedInterfaceOrientations_iPhone = "UIInterfaceOrientationPortrait UIInterfaceOrientationLandscapeLeft UIInterfaceOrientationLandscapeRight";
				LD_RUNPATH_SEARCH_PATHS = (
					"$(inherited)",
					"@executable_path/Frameworks",
				);
				MARKETING_VERSION = 1.0;
				PRODUCT_BUNDLE_IDENTIFIER = ivanInfotech.DaleArts;
				PRODUCT_NAME = "$(TARGET_NAME)";
				SWIFT_EMIT_LOC_STRINGS = YES;
				SWIFT_VERSION = 5.0;
				TARGETED_DEVICE_FAMILY = "1,2";
			};
			name = Debug;
		};
		25874E2F29949B1C00AB3CFE /* Release */ = {
			isa = XCBuildConfiguration;
			buildSettings = {
				ASSETCATALOG_COMPILER_APPICON_NAME = AppIcon;
				ASSETCATALOG_COMPILER_GLOBAL_ACCENT_COLOR_NAME = AccentColor;
				CODE_SIGN_STYLE = Automatic;
				CURRENT_PROJECT_VERSION = 1;
				DEVELOPMENT_ASSET_PATHS = "\"DaleArts/Preview Content\"";
				ENABLE_PREVIEWS = YES;
				GENERATE_INFOPLIST_FILE = YES;
				INFOPLIST_KEY_UIApplicationSceneManifest_Generation = YES;
				INFOPLIST_KEY_UIApplicationSupportsIndirectInputEvents = YES;
				INFOPLIST_KEY_UILaunchScreen_Generation = YES;
				INFOPLIST_KEY_UISupportedInterfaceOrientations_iPad = "UIInterfaceOrientationPortrait UIInterfaceOrientationPortraitUpsideDown UIInterfaceOrientationLandscapeLeft UIInterfaceOrientationLandscapeRight";
				INFOPLIST_KEY_UISupportedInterfaceOrientations_iPhone = "UIInterfaceOrientationPortrait UIInterfaceOrientationLandscapeLeft UIInterfaceOrientationLandscapeRight";
				LD_RUNPATH_SEARCH_PATHS = (
					"$(inherited)",
					"@executable_path/Frameworks",
				);
				MARKETING_VERSION = 1.0;
				PRODUCT_BUNDLE_IDENTIFIER = ivanInfotech.DaleArts;
				PRODUCT_NAME = "$(TARGET_NAME)";
				SWIFT_EMIT_LOC_STRINGS = YES;
				SWIFT_VERSION = 5.0;
				TARGETED_DEVICE_FAMILY = "1,2";
			};
			name = Release;
		};
		25874E3129949B1C00AB3CFE /* Debug */ = {
			isa = XCBuildConfiguration;
			buildSettings = {
				ALWAYS_EMBED_SWIFT_STANDARD_LIBRARIES = YES;
				BUNDLE_LOADER = "$(TEST_HOST)";
				CODE_SIGN_STYLE = Automatic;
				CURRENT_PROJECT_VERSION = 1;
				GENERATE_INFOPLIST_FILE = YES;
				IPHONEOS_DEPLOYMENT_TARGET = 16.2;
				MARKETING_VERSION = 1.0;
				PRODUCT_BUNDLE_IDENTIFIER = ivanInfotech.DaleArtsTests;
				PRODUCT_NAME = "$(TARGET_NAME)";
				SWIFT_EMIT_LOC_STRINGS = NO;
				SWIFT_VERSION = 5.0;
				TARGETED_DEVICE_FAMILY = "1,2";
				TEST_HOST = "$(BUILT_PRODUCTS_DIR)/DaleArts.app/$(BUNDLE_EXECUTABLE_FOLDER_PATH)/DaleArts";
			};
			name = Debug;
		};
		25874E3229949B1C00AB3CFE /* Release */ = {
			isa = XCBuildConfiguration;
			buildSettings = {
				ALWAYS_EMBED_SWIFT_STANDARD_LIBRARIES = YES;
				BUNDLE_LOADER = "$(TEST_HOST)";
				CODE_SIGN_STYLE = Automatic;
				CURRENT_PROJECT_VERSION = 1;
				GENERATE_INFOPLIST_FILE = YES;
				IPHONEOS_DEPLOYMENT_TARGET = 16.2;
				MARKETING_VERSION = 1.0;
				PRODUCT_BUNDLE_IDENTIFIER = ivanInfotech.DaleArtsTests;
				PRODUCT_NAME = "$(TARGET_NAME)";
				SWIFT_EMIT_LOC_STRINGS = NO;
				SWIFT_VERSION = 5.0;
				TARGETED_DEVICE_FAMILY = "1,2";
				TEST_HOST = "$(BUILT_PRODUCTS_DIR)/DaleArts.app/$(BUNDLE_EXECUTABLE_FOLDER_PATH)/DaleArts";
			};
			name = Release;
		};
		25874E3429949B1C00AB3CFE /* Debug */ = {
			isa = XCBuildConfiguration;
			buildSettings = {
				ALWAYS_EMBED_SWIFT_STANDARD_LIBRARIES = YES;
				CODE_SIGN_STYLE = Automatic;
				CURRENT_PROJECT_VERSION = 1;
				GENERATE_INFOPLIST_FILE = YES;
				MARKETING_VERSION = 1.0;
				PRODUCT_BUNDLE_IDENTIFIER = ivanInfotech.DaleArtsUITests;
				PRODUCT_NAME = "$(TARGET_NAME)";
				SWIFT_EMIT_LOC_STRINGS = NO;
				SWIFT_VERSION = 5.0;
				TARGETED_DEVICE_FAMILY = "1,2";
				TEST_TARGET_NAME = DaleArts;
			};
			name = Debug;
		};
		25874E3529949B1C00AB3CFE /* Release */ = {
			isa = XCBuildConfiguration;
			buildSettings = {
				ALWAYS_EMBED_SWIFT_STANDARD_LIBRARIES = YES;
				CODE_SIGN_STYLE = Automatic;
				CURRENT_PROJECT_VERSION = 1;
				GENERATE_INFOPLIST_FILE = YES;
				MARKETING_VERSION = 1.0;
				PRODUCT_BUNDLE_IDENTIFIER = ivanInfotech.DaleArtsUITests;
				PRODUCT_NAME = "$(TARGET_NAME)";
				SWIFT_EMIT_LOC_STRINGS = NO;
				SWIFT_VERSION = 5.0;
				TARGETED_DEVICE_FAMILY = "1,2";
				TEST_TARGET_NAME = DaleArts;
			};
			name = Release;
		};
/* End XCBuildConfiguration section */

/* Begin XCConfigurationList section */
		25874E0429949B1B00AB3CFE /* Build configuration list for PBXProject "DaleArts" */ = {
			isa = XCConfigurationList;
			buildConfigurations = (
				25874E2B29949B1C00AB3CFE /* Debug */,
				25874E2C29949B1C00AB3CFE /* Release */,
			);
			defaultConfigurationIsVisible = 0;
			defaultConfigurationName = Release;
		};
		25874E2D29949B1C00AB3CFE /* Build configuration list for PBXNativeTarget "DaleArts" */ = {
			isa = XCConfigurationList;
			buildConfigurations = (
				25874E2E29949B1C00AB3CFE /* Debug */,
				25874E2F29949B1C00AB3CFE /* Release */,
			);
			defaultConfigurationIsVisible = 0;
			defaultConfigurationName = Release;
		};
		25874E3029949B1C00AB3CFE /* Build configuration list for PBXNativeTarget "DaleArtsTests" */ = {
			isa = XCConfigurationList;
			buildConfigurations = (
				25874E3129949B1C00AB3CFE /* Debug */,
				25874E3229949B1C00AB3CFE /* Release */,
			);
			defaultConfigurationIsVisible = 0;
			defaultConfigurationName = Release;
		};
		25874E3329949B1C00AB3CFE /* Build configuration list for PBXNativeTarget "DaleArtsUITests" */ = {
			isa = XCConfigurationList;
			buildConfigurations = (
				25874E3429949B1C00AB3CFE /* Debug */,
				25874E3529949B1C00AB3CFE /* Release */,
			);
			defaultConfigurationIsVisible = 0;
			defaultConfigurationName = Release;
		};
/* End XCConfigurationList section */
	};
	rootObject = 25874E0129949B1B00AB3CFE /* Project object */;
}
